{
  "version": "2",
  "remote": {
    "https://deno.land/std@0.187.0/collections/filter_values.ts": "5b9feaf17b9a6e5ffccdd36cf6f38fa4ffa94cff2602d381c2ad0c2a97929652",
    "https://deno.land/std@0.187.0/collections/without_all.ts": "a89f5da0b5830defed4f59666e188df411d8fece35a5f6ca69be6ca71a95c185",
    "https://deno.land/std@0.187.0/dotenv/mod.ts": "f5a8123741d1561ae8184a7f043bc097b15132c5171c651142b804b6dbc21853",
    "https://deno.land/std@0.187.0/fmt/colors.ts": "d67e3cd9f472535241a8e410d33423980bec45047e343577554d3356e1f0ef4e",
    "https://deno.land/std@0.187.0/testing/_diff.ts": "1a3c044aedf77647d6cac86b798c6417603361b66b54c53331b312caeb447aea",
    "https://deno.land/std@0.187.0/testing/_format.ts": "a69126e8a469009adf4cf2a50af889aca364c349797e63174884a52ff75cf4c7",
    "https://deno.land/std@0.187.0/testing/asserts.ts": "e16d98b4d73ffc4ed498d717307a12500ae4f2cbe668f1a215632d19fcffc22f",
    "https://deno.land/x/deno_slack_api@0.0.8/api-proxy.ts": "59b96d60f8d48b965abb2a599ea39fb39c0485f415c6f9bff1116f19198041d7",
    "https://deno.land/x/deno_slack_api@0.0.8/base-client.ts": "f90171b3a06f6d2f572395361e30d2437c183fed26c8d77049a62e7e392f8466",
    "https://deno.land/x/deno_slack_api@0.0.8/generated/method-types/admin.ts": "d98159272153a19a4dfa0228ac1121d477a71b59d8d13c9bacbf0ec072cd20be",
    "https://deno.land/x/deno_slack_api@0.0.8/generated/method-types/api.ts": "45616670d92186ac49a0266c803cdb2dddfdd104480635d64b0395d7d6fde955",
    "https://deno.land/x/deno_slack_api@0.0.8/generated/method-types/apps.ts": "8b5d64483780ec9dcee3abb390fb08b3dbff8a2325edd5ebd60c504c8595a797",
    "https://deno.land/x/deno_slack_api@0.0.8/generated/method-types/auth.ts": "1275c79bbc1f7675788c523bce091b25445e0b3c586cfe76a9f2b612b346721e",
    "https://deno.land/x/deno_slack_api@0.0.8/generated/method-types/bookmarks.ts": "d0199f17cc397dee44197708050f37f60fe6174481f0584f09408dec634bd8f4",
    "https://deno.land/x/deno_slack_api@0.0.8/generated/method-types/bots.ts": "b7b1132f46ec9c55eebfb5f1ba69ddd3044c6a9b0dc15e88da6d5f91784c6311",
    "https://deno.land/x/deno_slack_api@0.0.8/generated/method-types/calls.ts": "a6228e751c3f19c9ce1d0ae924b5d41f98cec31a418b1cbf2f68c3d70a1763df",
    "https://deno.land/x/deno_slack_api@0.0.8/generated/method-types/chat.ts": "27d300b935bde00b7e3f9e54bdd98ebc1122ac2b6da8e93c132cb46fff0de068",
    "https://deno.land/x/deno_slack_api@0.0.8/generated/method-types/conversations.ts": "87aeb81de1f6a7ded78ab18c8f7b30a4d0afd07a8ea71672a9856b91ca61fb2e",
    "https://deno.land/x/deno_slack_api@0.0.8/generated/method-types/dialog.ts": "b3f6675394d3bb84fde686570ba2bfdfef556272444fa73e6112d94ddc82b5f9",
    "https://deno.land/x/deno_slack_api@0.0.8/generated/method-types/dnd.ts": "c75717bac3cd2647ed6cf7dd5a3444ad800c3891905b99dab41b00aaf4cb5732",
    "https://deno.land/x/deno_slack_api@0.0.8/generated/method-types/emoji.ts": "cd9860602c87cfe91d28be86cba74014571def1df701465d2c1d102bdb254fb1",
    "https://deno.land/x/deno_slack_api@0.0.8/generated/method-types/enterprise.ts": "6c033aecdeb32509d1acfb2272678f26abc5dbc9e77ea46f6d5076aee053e2bd",
    "https://deno.land/x/deno_slack_api@0.0.8/generated/method-types/files.ts": "9915eacbefba079f0b09b79e2e0f9d87caeaa06e559e9fc5e2fc22e089dbcc87",
    "https://deno.land/x/deno_slack_api@0.0.8/generated/method-types/functions.ts": "3fae1cc6548a0b5ceba9b51ccaa3adbf9c4b9b13ca1561a4acfeda18d6d0adf1",
    "https://deno.land/x/deno_slack_api@0.0.8/generated/method-types/migration.ts": "ba303ad963d6d401f22e1c0be6359b0f1758f19222dc246477cbac55226db1d7",
    "https://deno.land/x/deno_slack_api@0.0.8/generated/method-types/mod.ts": "98efa66bd3b7c8a6d3e8ce72d896ea7abaa64b6f73f7b3d26e0288a65567d136",
    "https://deno.land/x/deno_slack_api@0.0.8/generated/method-types/oauth.ts": "08d71f02d1903e37d037279e91276aa307e3d408e7ef37afc8f5f8d58cac40f1",
    "https://deno.land/x/deno_slack_api@0.0.8/generated/method-types/openid.ts": "5767e136bacbb54999ad29a0946e23074999ec71b7d2be35888915e93f524efc",
    "https://deno.land/x/deno_slack_api@0.0.8/generated/method-types/pins.ts": "f2dbe9971ffdd7b3d6f2128b76a19f9f3185e5a19f7bd7f5172acd7d0d6d1f8c",
    "https://deno.land/x/deno_slack_api@0.0.8/generated/method-types/reactions.ts": "fa55da9ca27ff8e13ccbc1b7c055251e96ecf9edb15c6b49af23ab362ef399f6",
    "https://deno.land/x/deno_slack_api@0.0.8/generated/method-types/reminders.ts": "43f34642fc0266f2a23f71880b866f201496aa20bffc569fa5dbe314c5801673",
    "https://deno.land/x/deno_slack_api@0.0.8/generated/method-types/rtm.ts": "623bb432c3ce705b48169363c2cc74663f4c5d28e7529a43774a4517d9857474",
    "https://deno.land/x/deno_slack_api@0.0.8/generated/method-types/search.ts": "4f1fc43148d62651492fb34b54af2a482dc70b125a4eb808c1d921c8a7b09a66",
    "https://deno.land/x/deno_slack_api@0.0.8/generated/method-types/stars.ts": "511e4a4023058dbce40e2a07a1e36561bc02cd8c15b64d9e446628d604159b8a",
    "https://deno.land/x/deno_slack_api@0.0.8/generated/method-types/team.ts": "a86090861e91135459739e785d0597d7b2d7b78f349244d4f21f66dbecb127d3",
    "https://deno.land/x/deno_slack_api@0.0.8/generated/method-types/tooling.ts": "e174286698a52dc2c852cfeb387a824f9eb4bbca809edca91ce3fec3736bb34f",
    "https://deno.land/x/deno_slack_api@0.0.8/generated/method-types/usergroups.ts": "6b222c464e896101f895ed91baefe0947240790d7bb415b7e62943ef9e40db6a",
    "https://deno.land/x/deno_slack_api@0.0.8/generated/method-types/users.ts": "175d8037171980c8472a44f445a20924c5c346c872fd0c4f294b9454c94c7a23",
    "https://deno.land/x/deno_slack_api@0.0.8/generated/method-types/views.ts": "c6345c4979a048ecb70a4325d09278c47daf2bdb2c79ec3ba30d157e34ab33e5",
    "https://deno.land/x/deno_slack_api@0.0.8/generated/method-types/workflows.ts": "3e9c92e855a90343a51b92b2d9985b97aaae725aaa3f531628617adb74d0a405",
    "https://deno.land/x/deno_slack_api@0.0.8/mod.ts": "2c5c95a5b6cccb3b1e090b2cf7905a7fc435da28e7b60e0bed51b405ba810511",
    "https://deno.land/x/deno_slack_api@0.0.8/typed-method-types/apps.ts": "04fb9df5ea8dfd0c03400d6a424a4b57f8363bf34fd06fc28646e3d55ca247bb",
    "https://deno.land/x/deno_slack_api@0.0.8/typed-method-types/mod.ts": "b87dae903414c4e8046f76501165c138dcd31d9bf491abd481af177b7faeb0ce",
    "https://deno.land/x/deno_slack_api@0.0.8/typed-method-types/workflows/mod.ts": "be33a1bd8a4df3bf58ca404d2ed7ed2df95abd989b14c14782861c37f8200925",
    "https://deno.land/x/deno_slack_api@0.0.8/typed-method-types/workflows/triggers/event.ts": "04dde437870baa1ef1eb2a49f750386f762acc17c860a3ece107ae765f2e7a67",
    "https://deno.land/x/deno_slack_api@0.0.8/typed-method-types/workflows/triggers/mod.ts": "9539cfd031b5b5b04e4a596ee79f2f78af56da09e302bc8871dbb10b950a445e",
    "https://deno.land/x/deno_slack_api@0.0.8/typed-method-types/workflows/triggers/scheduled.ts": "9da03b8d6d0c3bfb447efe36190ead3ae84b959eb0842fe8640e9e847f0b82c6",
    "https://deno.land/x/deno_slack_api@0.0.8/typed-method-types/workflows/triggers/shortcut.ts": "9e49a5056d56ad75da1978f95385670aa2036920d3f39e7589e75aef5dbae143",
    "https://deno.land/x/deno_slack_api@0.0.8/typed-method-types/workflows/triggers/trigger-filter.ts": "474a0dc977a775d961d4db32f90913d7c609785e7f791781c030c18106a6e900",
    "https://deno.land/x/deno_slack_api@0.0.8/typed-method-types/workflows/triggers/webhook.ts": "e05325433e5958da631c5bf384e57ae99293466f15c8f5b1b70f22a74a9249ed",
    "https://deno.land/x/deno_slack_api@0.0.8/types.ts": "2cae8631b1c1ea29e7d3e61effa5750b28532b2fb45ebce12dafcb4a2c8cabca"
  }
}
